
Microsoft Visual Studio Solution File, Format Version 12.00
# Visual Studio Version 17
VisualStudioVersion = 17.1.32407.343
MinimumVisualStudioVersion = 10.0.40219.1
Project("{9A19103F-16F7-4668-BE54-9A1E7A4F7556}") = "Common.BasicHelper", "Common.BasicHelper\Common.BasicHelper.csproj", "{A80ED612-3DE2-4106-92C4-96940C93FD1C}"
EndProject
Project("{FAE04EC0-301F-11D3-BF4B-00C04F79EFBC}") = "UnitTest", "UnitTest\UnitTest.csproj", "{0AC03FB9-0E2A-42FA-B712-685DFE512685}"
EndProject
Global
	GlobalSection(SolutionConfigurationPlatforms) = preSolution
		Debug|Any CPU = Debug|Any CPU
		Release|Any CPU = Release|Any CPU
	EndGlobalSection
	GlobalSection(ProjectConfigurationPlatforms) = postSolution
		{A80ED612-3DE2-4106-92C4-96940C93FD1C}.Debug|Any CPU.ActiveCfg = Debug|Any CPU
		{A80ED612-3DE2-4106-92C4-96940C93FD1C}.Debug|Any CPU.Build.0 = Debug|Any CPU
		{A80ED612-3DE2-4106-92C4-96940C93FD1C}.Release|Any CPU.ActiveCfg = Release|Any CPU
		{A80ED612-3DE2-4106-92C4-96940C93FD1C}.Release|Any CPU.Build.0 = Release|Any CPU
		{0AC03FB9-0E2A-42FA-B712-685DFE512685}.Debug|Any CPU.ActiveCfg = Debug|Any CPU
		{0AC03FB9-0E2A-42FA-B712-685DFE512685}.Debug|Any CPU.Build.0 = Debug|Any CPU
		{0AC03FB9-0E2A-42FA-B712-685DFE512685}.Release|Any CPU.ActiveCfg = Release|Any CPU
		{0AC03FB9-0E2A-42FA-B712-685DFE512685}.Release|Any CPU.Build.0 = Release|Any CPU
	EndGlobalSection
	GlobalSection(SolutionProperties) = preSolution
		HideSolutionNode = FALSE
	EndGlobalSection
	GlobalSection(ExtensibilityGlobals) = postSolution
		SolutionGuid = {73E2AB51-7CDD-4B66-88AB-4C147F98D20A}
	EndGlobalSection
EndGlobal
